
Microsoft Visual Studio Solution File, Format Version 12.00
# Visual Studio Version 17
VisualStudioVersion = 17.2.32630.192
MinimumVisualStudioVersion = 10.0.40219.1
Project("{FAE04EC0-301F-11D3-BF4B-00C04F79EFBC}") = "Minesweeper", "Minesweeper.csproj", "{2E429EC6-200B-45F9-8604-FCC8A9D8F066}"
EndProject
Global
	GlobalSection(SolutionConfigurationPlatforms) = preSolution
		Debug|Any CPU = Debug|Any CPU
		Release|Any CPU = Release|Any CPU
	EndGlobalSection
	GlobalSection(ProjectConfigurationPlatforms) = postSolution
		{2E429EC6-200B-45F9-8604-FCC8A9D8F066}.Debug|Any CPU.ActiveCfg = Debug|Any CPU
		{2E429EC6-200B-45F9-8604-FCC8A9D8F066}.Debug|Any CPU.Build.0 = Debug|Any CPU
		{2E429EC6-200B-45F9-8604-FCC8A9D8F066}.Release|Any CPU.ActiveCfg = Release|Any CPU
		{2E429EC6-200B-45F9-8604-FCC8A9D8F066}.Release|Any CPU.Build.0 = Release|Any CPU
	EndGlobalSection
	GlobalSection(SolutionProperties) = preSolution
		HideSolutionNode = FALSE
	EndGlobalSection
	GlobalSection(ExtensibilityGlobals) = postSolution
		SolutionGuid = {6EF2CB0C-4992-44B9-B3A4-B085113232DD}
	EndGlobalSection
EndGlobal
